
Microsoft Visual Studio Solution File, Format Version 12.00
# Visual Studio 15
VisualStudioVersion = 15.0.28307.421
MinimumVisualStudioVersion = 10.0.40219.1
Project("{9A19103F-16F7-4668-BE54-9A1E7A4F7556}") = "RROWebService", "RROWebService\RROWebService.csproj", "{2B0CC3ED-491D-4A05-8F36-31C2DA82E2A1}"
EndProject
Project("{FAE04EC0-301F-11D3-BF4B-00C04F79EFBC}") = "RROScoreBoard", "RROScoreBoard\RROScoreBoard.csproj", "{3BC0AC7E-3B3B-4D3F-9CC0-B2BDECC460A6}"
EndProject
Project("{FAE04EC0-301F-11D3-BF4B-00C04F79EFBC}") = "DataBaseImporter", "DataBaseImporter\DataBaseImporter.csproj", "{E69C8739-A805-4E70-B154-AAAE5BC4E287}"
EndProject
Project("{9A19103F-16F7-4668-BE54-9A1E7A4F7556}") = "DataModelCore", "DataModelCore\DataModelCore.csproj", "{ADF16348-B08A-4DE3-A23D-BE38795D15A2}"
EndProject
Project("{FAE04EC0-301F-11D3-BF4B-00C04F79EFBC}") = "ServiceInitializer", "ServiceInitializer\ServiceInitializer.csproj", "{08894606-1A24-49F4-9D20-BD8B279076DD}"
EndProject
Project("{2150E333-8FDC-42A3-9474-1A3956D46DE8}") = "Solution Items", "Solution Items", "{73B072B6-DF35-451C-B9BC-1BCAFEF48D93}"
	ProjectSection(SolutionItems) = preProject
		OmlPreResultTable.sql = OmlPreResultTable.sql
		Rounds.sql = Rounds.sql
	EndProjectSection
EndProject
Global
	GlobalSection(SolutionConfigurationPlatforms) = preSolution
		Debug|Any CPU = Debug|Any CPU
		Release|Any CPU = Release|Any CPU
	EndGlobalSection
	GlobalSection(ProjectConfigurationPlatforms) = postSolution
		{2B0CC3ED-491D-4A05-8F36-31C2DA82E2A1}.Debug|Any CPU.ActiveCfg = Debug|Any CPU
		{2B0CC3ED-491D-4A05-8F36-31C2DA82E2A1}.Debug|Any CPU.Build.0 = Debug|Any CPU
		{2B0CC3ED-491D-4A05-8F36-31C2DA82E2A1}.Release|Any CPU.ActiveCfg = Release|Any CPU
		{2B0CC3ED-491D-4A05-8F36-31C2DA82E2A1}.Release|Any CPU.Build.0 = Release|Any CPU
		{3BC0AC7E-3B3B-4D3F-9CC0-B2BDECC460A6}.Debug|Any CPU.ActiveCfg = Debug|Any CPU
		{3BC0AC7E-3B3B-4D3F-9CC0-B2BDECC460A6}.Debug|Any CPU.Build.0 = Debug|Any CPU
		{3BC0AC7E-3B3B-4D3F-9CC0-B2BDECC460A6}.Debug|Any CPU.Deploy.0 = Debug|Any CPU
		{3BC0AC7E-3B3B-4D3F-9CC0-B2BDECC460A6}.Release|Any CPU.ActiveCfg = Release|Any CPU
		{3BC0AC7E-3B3B-4D3F-9CC0-B2BDECC460A6}.Release|Any CPU.Build.0 = Release|Any CPU
		{3BC0AC7E-3B3B-4D3F-9CC0-B2BDECC460A6}.Release|Any CPU.Deploy.0 = Release|Any CPU
		{E69C8739-A805-4E70-B154-AAAE5BC4E287}.Debug|Any CPU.ActiveCfg = Debug|Any CPU
		{E69C8739-A805-4E70-B154-AAAE5BC4E287}.Debug|Any CPU.Build.0 = Debug|Any CPU
		{E69C8739-A805-4E70-B154-AAAE5BC4E287}.Release|Any CPU.ActiveCfg = Release|Any CPU
		{E69C8739-A805-4E70-B154-AAAE5BC4E287}.Release|Any CPU.Build.0 = Release|Any CPU
		{ADF16348-B08A-4DE3-A23D-BE38795D15A2}.Debug|Any CPU.ActiveCfg = Debug|Any CPU
		{ADF16348-B08A-4DE3-A23D-BE38795D15A2}.Debug|Any CPU.Build.0 = Debug|Any CPU
		{ADF16348-B08A-4DE3-A23D-BE38795D15A2}.Release|Any CPU.ActiveCfg = Release|Any CPU
		{ADF16348-B08A-4DE3-A23D-BE38795D15A2}.Release|Any CPU.Build.0 = Release|Any CPU
		{08894606-1A24-49F4-9D20-BD8B279076DD}.Debug|Any CPU.ActiveCfg = Debug|Any CPU
		{08894606-1A24-49F4-9D20-BD8B279076DD}.Debug|Any CPU.Build.0 = Debug|Any CPU
		{08894606-1A24-49F4-9D20-BD8B279076DD}.Release|Any CPU.ActiveCfg = Release|Any CPU
		{08894606-1A24-49F4-9D20-BD8B279076DD}.Release|Any CPU.Build.0 = Release|Any CPU
	EndGlobalSection
	GlobalSection(SolutionProperties) = preSolution
		HideSolutionNode = FALSE
	EndGlobalSection
	GlobalSection(ExtensibilityGlobals) = postSolution
		SolutionGuid = {AF2E44CE-4480-4329-8677-AD5E6387E130}
	EndGlobalSection
EndGlobal
